
Microsoft Visual Studio Solution File, Format Version 12.00
# Visual Studio Version 17
VisualStudioVersion = 17.7.34202.233
MinimumVisualStudioVersion = 10.0.40219.1
Project("{FAE04EC0-301F-11D3-BF4B-00C04F79EFBC}") = "lvm l1_2", "labs nau\lvm l1_2.csproj", "{237AD9CB-5CDE-4189-BBCE-A6B99C6FE4C4}"
EndProject
Project("{9A19103F-16F7-4668-BE54-9A1E7A4F7556}") = "OOPLR1", "OOPLR1\OOPLR1\OOPLR1.csproj", "{F44D2D88-125F-4371-9C4F-5867C93BF6D1}"
EndProject
Project("{9A19103F-16F7-4668-BE54-9A1E7A4F7556}") = "OOPLR2", "OOPLR2\OOPLR2.csproj", "{374B34F7-B505-493C-8FFE-FF57C88C0324}"
EndProject
Project("{9A19103F-16F7-4668-BE54-9A1E7A4F7556}") = "lvm 1_2 v2", "lvm 1_2 v2\lvm 1_2 v2.csproj", "{D4886581-9262-43F7-8FE8-696346E1FE00}"
EndProject
Project("{9A19103F-16F7-4668-BE54-9A1E7A4F7556}") = "lvm 1_3", "lvm 1_3\lvm 1_3.csproj", "{CE0CC1C6-C0F0-4BC6-B056-CCE8F0D0540F}"
EndProject
Project("{9A19103F-16F7-4668-BE54-9A1E7A4F7556}") = "OOPLR3", "OOPLR3\OOPLR3.csproj", "{6E323688-0C5F-4684-8336-4A496CE21FD3}"
EndProject
Project("{9A19103F-16F7-4668-BE54-9A1E7A4F7556}") = "OOPLR4", "OOPLR4\OOPLR4.csproj", "{FA99FE98-1194-4FAE-8786-A379EC21DDF5}"
EndProject
Project("{9A19103F-16F7-4668-BE54-9A1E7A4F7556}") = "OOPLR5", "OOPLR5\OOPLR5.csproj", "{5B9AE4F6-54F4-46F4-8DCB-219386E72BB0}"
EndProject
Project("{9A19103F-16F7-4668-BE54-9A1E7A4F7556}") = "OOPLR6", "OOPLR6\OOPLR6.csproj", "{82D057D8-45BB-4E69-93C5-4582B5A748B1}"
EndProject
Project("{9A19103F-16F7-4668-BE54-9A1E7A4F7556}") = "lvm 1_4", "lvm 1_4\lvm 1_4.csproj", "{61348864-270A-4AEA-9816-364BECE8F430}"
EndProject
Global
	GlobalSection(SolutionConfigurationPlatforms) = preSolution
		Debug|Any CPU = Debug|Any CPU
		Release|Any CPU = Release|Any CPU
	EndGlobalSection
	GlobalSection(ProjectConfigurationPlatforms) = postSolution
		{237AD9CB-5CDE-4189-BBCE-A6B99C6FE4C4}.Debug|Any CPU.ActiveCfg = Debug|Any CPU
		{237AD9CB-5CDE-4189-BBCE-A6B99C6FE4C4}.Debug|Any CPU.Build.0 = Debug|Any CPU
		{237AD9CB-5CDE-4189-BBCE-A6B99C6FE4C4}.Release|Any CPU.ActiveCfg = Release|Any CPU
		{237AD9CB-5CDE-4189-BBCE-A6B99C6FE4C4}.Release|Any CPU.Build.0 = Release|Any CPU
		{F44D2D88-125F-4371-9C4F-5867C93BF6D1}.Debug|Any CPU.ActiveCfg = Debug|Any CPU
		{F44D2D88-125F-4371-9C4F-5867C93BF6D1}.Debug|Any CPU.Build.0 = Debug|Any CPU
		{F44D2D88-125F-4371-9C4F-5867C93BF6D1}.Release|Any CPU.ActiveCfg = Release|Any CPU
		{F44D2D88-125F-4371-9C4F-5867C93BF6D1}.Release|Any CPU.Build.0 = Release|Any CPU
		{374B34F7-B505-493C-8FFE-FF57C88C0324}.Debug|Any CPU.ActiveCfg = Debug|Any CPU
		{374B34F7-B505-493C-8FFE-FF57C88C0324}.Debug|Any CPU.Build.0 = Debug|Any CPU
		{374B34F7-B505-493C-8FFE-FF57C88C0324}.Release|Any CPU.ActiveCfg = Release|Any CPU
		{374B34F7-B505-493C-8FFE-FF57C88C0324}.Release|Any CPU.Build.0 = Release|Any CPU
		{D4886581-9262-43F7-8FE8-696346E1FE00}.Debug|Any CPU.ActiveCfg = Debug|Any CPU
		{D4886581-9262-43F7-8FE8-696346E1FE00}.Debug|Any CPU.Build.0 = Debug|Any CPU
		{D4886581-9262-43F7-8FE8-696346E1FE00}.Release|Any CPU.ActiveCfg = Release|Any CPU
		{D4886581-9262-43F7-8FE8-696346E1FE00}.Release|Any CPU.Build.0 = Release|Any CPU
		{CE0CC1C6-C0F0-4BC6-B056-CCE8F0D0540F}.Debug|Any CPU.ActiveCfg = Debug|Any CPU
		{CE0CC1C6-C0F0-4BC6-B056-CCE8F0D0540F}.Debug|Any CPU.Build.0 = Debug|Any CPU
		{CE0CC1C6-C0F0-4BC6-B056-CCE8F0D0540F}.Release|Any CPU.ActiveCfg = Release|Any CPU
		{CE0CC1C6-C0F0-4BC6-B056-CCE8F0D0540F}.Release|Any CPU.Build.0 = Release|Any CPU
		{6E323688-0C5F-4684-8336-4A496CE21FD3}.Debug|Any CPU.ActiveCfg = Debug|Any CPU
		{6E323688-0C5F-4684-8336-4A496CE21FD3}.Debug|Any CPU.Build.0 = Debug|Any CPU
		{6E323688-0C5F-4684-8336-4A496CE21FD3}.Release|Any CPU.ActiveCfg = Release|Any CPU
		{6E323688-0C5F-4684-8336-4A496CE21FD3}.Release|Any CPU.Build.0 = Release|Any CPU
		{FA99FE98-1194-4FAE-8786-A379EC21DDF5}.Debug|Any CPU.ActiveCfg = Debug|Any CPU
		{FA99FE98-1194-4FAE-8786-A379EC21DDF5}.Debug|Any CPU.Build.0 = Debug|Any CPU
		{FA99FE98-1194-4FAE-8786-A379EC21DDF5}.Release|Any CPU.ActiveCfg = Release|Any CPU
		{FA99FE98-1194-4FAE-8786-A379EC21DDF5}.Release|Any CPU.Build.0 = Release|Any CPU
		{5B9AE4F6-54F4-46F4-8DCB-219386E72BB0}.Debug|Any CPU.ActiveCfg = Debug|Any CPU
		{5B9AE4F6-54F4-46F4-8DCB-219386E72BB0}.Debug|Any CPU.Build.0 = Debug|Any CPU
		{5B9AE4F6-54F4-46F4-8DCB-219386E72BB0}.Release|Any CPU.ActiveCfg = Release|Any CPU
		{5B9AE4F6-54F4-46F4-8DCB-219386E72BB0}.Release|Any CPU.Build.0 = Release|Any CPU
		{82D057D8-45BB-4E69-93C5-4582B5A748B1}.Debug|Any CPU.ActiveCfg = Debug|Any CPU
		{82D057D8-45BB-4E69-93C5-4582B5A748B1}.Debug|Any CPU.Build.0 = Debug|Any CPU
		{82D057D8-45BB-4E69-93C5-4582B5A748B1}.Release|Any CPU.ActiveCfg = Release|Any CPU
		{82D057D8-45BB-4E69-93C5-4582B5A748B1}.Release|Any CPU.Build.0 = Release|Any CPU
		{61348864-270A-4AEA-9816-364BECE8F430}.Debug|Any CPU.ActiveCfg = Debug|Any CPU
		{61348864-270A-4AEA-9816-364BECE8F430}.Debug|Any CPU.Build.0 = Debug|Any CPU
		{61348864-270A-4AEA-9816-364BECE8F430}.Release|Any CPU.ActiveCfg = Release|Any CPU
		{61348864-270A-4AEA-9816-364BECE8F430}.Release|Any CPU.Build.0 = Release|Any CPU
	EndGlobalSection
	GlobalSection(SolutionProperties) = preSolution
		HideSolutionNode = FALSE
	EndGlobalSection
	GlobalSection(ExtensibilityGlobals) = postSolution
		SolutionGuid = {007E5877-BA47-41DB-9E8B-FA10D9BD3CB2}
	EndGlobalSection
EndGlobal
